
Microsoft Visual Studio Solution File, Format Version 12.00
# Visual Studio 15
Project("{FAE04EC0-301F-11D3-BF4B-00C04F79EFBC}") = "CheatingHangman", "CheatingHangman.csproj", "{8ED45730-DC31-48F4-8D02-E3B9D6769D8B}"
EndProject
Global
	GlobalSection(SolutionConfigurationPlatforms) = preSolution
		Debug|Any CPU = Debug|Any CPU
		Release|Any CPU = Release|Any CPU
	EndGlobalSection
	GlobalSection(ProjectConfigurationPlatforms) = postSolution
		{8ED45730-DC31-48F4-8D02-E3B9D6769D8B}.Debug|Any CPU.ActiveCfg = Debug|Any CPU
		{8ED45730-DC31-48F4-8D02-E3B9D6769D8B}.Debug|Any CPU.Build.0 = Debug|Any CPU
		{8ED45730-DC31-48F4-8D02-E3B9D6769D8B}.Release|Any CPU.ActiveCfg = Release|Any CPU
		{8ED45730-DC31-48F4-8D02-E3B9D6769D8B}.Release|Any CPU.Build.0 = Release|Any CPU
	EndGlobalSection
EndGlobal
